
Microsoft Visual Studio Solution File, Format Version 12.00
# Visual Studio Version 16
VisualStudioVersion = 16.0.29519.87
MinimumVisualStudioVersion = 10.0.40219.1
Project("{FAE04EC0-301F-11D3-BF4B-00C04F79EFBC}") = "Krishna", "Krishna.csproj", "{07096761-8379-42FD-B517-103F3D885913}"
EndProject
Global
	GlobalSection(SolutionConfigurationPlatforms) = preSolution
		Debug|Any CPU = Debug|Any CPU
		Release|Any CPU = Release|Any CPU
	EndGlobalSection
	GlobalSection(ProjectConfigurationPlatforms) = postSolution
		{07096761-8379-42FD-B517-103F3D885913}.Debug|Any CPU.ActiveCfg = Debug|Any CPU
		{07096761-8379-42FD-B517-103F3D885913}.Debug|Any CPU.Build.0 = Debug|Any CPU
		{07096761-8379-42FD-B517-103F3D885913}.Release|Any CPU.ActiveCfg = Release|Any CPU
		{07096761-8379-42FD-B517-103F3D885913}.Release|Any CPU.Build.0 = Release|Any CPU
	EndGlobalSection
	GlobalSection(SolutionProperties) = preSolution
		HideSolutionNode = FALSE
	EndGlobalSection
	GlobalSection(ExtensibilityGlobals) = postSolution
		SolutionGuid = {A476A0C4-2A52-4231-A69A-10EE87F68AE6}
	EndGlobalSection
EndGlobal
